<?xml version="1.0" encoding="utf-8"?>
<Project ToolsVersion="4.0" xmlns="http://schemas.microsoft.com/developer/msbuild/2003">
  <ItemGroup>
    <ClCompile Include="Source\App.cpp">
      <Filter>cpp.files</Filter>
    </ClCompile>
    <ClCompile Include="Source\Audio.cpp">
      <Filter>cpp.files</Filter>
    </ClCompile>
    <ClCompile Include="Source\Bomber.cpp">
      <Filter>cpp.files</Filter>
    </ClCompile>
    <ClCompile Include="Source\EntityManager.cpp">
      <Filter>cpp.files</Filter>
    </ClCompile>
    <ClCompile Include="Source\Input.cpp">
      <Filter>cpp.files</Filter>
    </ClCompile>
    <ClCompile Include="Source\Log.cpp">
      <Filter>cpp.files</Filter>
    </ClCompile>
    <ClCompile Include="Source\Main.cpp">
      <Filter>cpp.files</Filter>
    </ClCompile>
    <ClCompile Include="Source\Map.cpp">
      <Filter>cpp.files</Filter>
    </ClCompile>
    <ClCompile Include="Source\Pathfinding.cpp">
      <Filter>cpp.files</Filter>
    </ClCompile>
    <ClCompile Include="Source\PerfTimer.cpp">
      <Filter>cpp.files</Filter>
    </ClCompile>
    <ClCompile Include="Source\Physics.cpp">
      <Filter>cpp.files</Filter>
    </ClCompile>
    <ClCompile Include="Source\Player.cpp">
      <Filter>cpp.files</Filter>
    </ClCompile>
    <ClCompile Include="Source\Powerup_1.cpp">
      <Filter>cpp.files</Filter>
    </ClCompile>
    <ClCompile Include="Source\Powerup_2.cpp">
      <Filter>cpp.files</Filter>
    </ClCompile>
    <ClCompile Include="Source\Powerup_3.cpp">
      <Filter>cpp.files</Filter>
    </ClCompile>
    <ClCompile Include="Source\External\PugiXml\src\pugixml.cpp">
      <Filter>cpp.files</Filter>
    </ClCompile>
    <ClCompile Include="Source\Render.cpp">
      <Filter>cpp.files</Filter>
    </ClCompile>
    <ClCompile Include="Source\Scene.cpp">
      <Filter>cpp.files</Filter>
    </ClCompile>
    <ClCompile Include="Source\Slime.cpp">
      <Filter>cpp.files</Filter>
    </ClCompile>
    <ClCompile Include="Source\Textures.cpp">
      <Filter>cpp.files</Filter>
    </ClCompile>
    <ClCompile Include="Source\Timer.cpp">
      <Filter>cpp.files</Filter>
    </ClCompile>
    <ClCompile Include="Source\Window.cpp">
      <Filter>cpp.files</Filter>
    </ClCompile>
    <ClCompile Include="Source\missutils.cpp">
      <Filter>cpp.files</Filter>
    </ClCompile>
    <ClCompile Include="Source\BigSlime.cpp">
      <Filter>cpp.files</Filter>
    </ClCompile>
    <ClCompile Include="Source\Boss.cpp">
      <Filter>cpp.files</Filter>
    </ClCompile>
    <ClCompile Include="Source\GuiControlButton.cpp">
      <Filter>cpp.files</Filter>
    </ClCompile>
    <ClCompile Include="Source\GuiManager.cpp">
      <Filter>cpp.files</Filter>
    </ClCompile>
    <ClCompile Include="Source\FadeToBlack.cpp">
      <Filter>cpp.files</Filter>
    </ClCompile>
    <ClCompile Include="Source\LastScreen.cpp">
      <Filter>cpp.files</Filter>
    </ClCompile>
    <ClCompile Include="Source\SceneLogo.cpp">
      <Filter>cpp.files</Filter>
    </ClCompile>
    <ClCompile Include="Source\SceneMenu.cpp">
      <Filter>cpp.files</Filter>
    </ClCompile>
    <ClCompile Include="Source\Scenepause.cpp">
      <Filter>cpp.files</Filter>
    </ClCompile>
    <ClCompile Include="Source\SceneSettings.cpp">
      <Filter>cpp.files</Filter>
    </ClCompile>
<<<<<<< Updated upstream
    <ClCompile Include="Source\Vida.cpp">
=======
    <ClCompile Include="Source\vidas.cpp">
>>>>>>> Stashed changes
      <Filter>cpp.files</Filter>
    </ClCompile>
  </ItemGroup>
  <ItemGroup>
    <ClInclude Include="Source\Animation.h">
      <Filter>h.files</Filter>
    </ClInclude>
    <ClInclude Include="Source\App.h">
      <Filter>h.files</Filter>
    </ClInclude>
    <ClInclude Include="Source\Audio.h">
      <Filter>h.files</Filter>
    </ClInclude>
    <ClInclude Include="Source\Bomber.h">
      <Filter>h.files</Filter>
    </ClInclude>
    <ClInclude Include="Source\Defs.h">
      <Filter>h.files</Filter>
    </ClInclude>
    <ClInclude Include="Source\DynArray.h">
      <Filter>h.files</Filter>
    </ClInclude>
    <ClInclude Include="Source\Entity.h">
      <Filter>h.files</Filter>
    </ClInclude>
    <ClInclude Include="Source\EntityManager.h">
      <Filter>h.files</Filter>
    </ClInclude>
    <ClInclude Include="Source\Input.h">
      <Filter>h.files</Filter>
    </ClInclude>
    <ClInclude Include="Source\List.h">
      <Filter>h.files</Filter>
    </ClInclude>
    <ClInclude Include="Source\Log.h">
      <Filter>h.files</Filter>
    </ClInclude>
    <ClInclude Include="Source\Map.h">
      <Filter>h.files</Filter>
    </ClInclude>
    <ClInclude Include="Source\Module.h">
      <Filter>h.files</Filter>
    </ClInclude>
    <ClInclude Include="Source\Pathfinding.h">
      <Filter>h.files</Filter>
    </ClInclude>
    <ClInclude Include="Source\PerfTimer.h">
      <Filter>h.files</Filter>
    </ClInclude>
    <ClInclude Include="Source\Physics.h">
      <Filter>h.files</Filter>
    </ClInclude>
    <ClInclude Include="Source\Player.h">
      <Filter>h.files</Filter>
    </ClInclude>
    <ClInclude Include="Source\Point.h">
      <Filter>h.files</Filter>
    </ClInclude>
    <ClInclude Include="Source\Powerup_1.h">
      <Filter>h.files</Filter>
    </ClInclude>
    <ClInclude Include="Source\Powerup_2.h">
      <Filter>h.files</Filter>
    </ClInclude>
    <ClInclude Include="Source\Powerup_3.h">
      <Filter>h.files</Filter>
    </ClInclude>
    <ClInclude Include="Source\External\PugiXml\src\pugiconfig.hpp">
      <Filter>h.files</Filter>
    </ClInclude>
    <ClInclude Include="Source\External\PugiXml\src\pugixml.hpp">
      <Filter>h.files</Filter>
    </ClInclude>
    <ClInclude Include="Source\Queue.h">
      <Filter>h.files</Filter>
    </ClInclude>
    <ClInclude Include="Source\Render.h">
      <Filter>h.files</Filter>
    </ClInclude>
    <ClInclude Include="Source\Scene.h">
      <Filter>h.files</Filter>
    </ClInclude>
    <ClInclude Include="Source\Slime.h">
      <Filter>h.files</Filter>
    </ClInclude>
    <ClInclude Include="Source\SString.h">
      <Filter>h.files</Filter>
    </ClInclude>
    <ClInclude Include="Source\Textures.h">
      <Filter>h.files</Filter>
    </ClInclude>
    <ClInclude Include="Source\Timer.h">
      <Filter>h.files</Filter>
    </ClInclude>
    <ClInclude Include="Source\Window.h">
      <Filter>h.files</Filter>
    </ClInclude>
    <ClInclude Include="Source\BigSlime.h">
      <Filter>h.files</Filter>
    </ClInclude>
    <ClInclude Include="Source\Boss.h">
      <Filter>h.files</Filter>
    </ClInclude>
    <ClInclude Include="Source\GuiManager.h">
      <Filter>h.files</Filter>
    </ClInclude>
    <ClInclude Include="Source\GuiControl.h">
      <Filter>h.files</Filter>
    </ClInclude>
    <ClInclude Include="Source\GuiControlButton.h">
      <Filter>h.files</Filter>
    </ClInclude>
    <ClInclude Include="Source\FadeToBlack.h">
      <Filter>h.files</Filter>
    </ClInclude>
    <ClInclude Include="Source\LastScreen.h">
      <Filter>h.files</Filter>
    </ClInclude>
    <ClInclude Include="Source\SceneLogo.h">
      <Filter>h.files</Filter>
    </ClInclude>
    <ClInclude Include="Source\SceneMenu.h">
      <Filter>h.files</Filter>
    </ClInclude>
    <ClInclude Include="Source\Scenepause.h">
      <Filter>h.files</Filter>
    </ClInclude>
    <ClInclude Include="Source\SceneSettings.h">
      <Filter>h.files</Filter>
    </ClInclude>
<<<<<<< Updated upstream
    <ClInclude Include="Source\Vida.h">
=======
    <ClInclude Include="Source\vidas.h">
>>>>>>> Stashed changes
      <Filter>h.files</Filter>
    </ClInclude>
  </ItemGroup>
  <ItemGroup>
    <Xml Include="..\Output\config.xml">
      <Filter>h.files\xml.files</Filter>
    </Xml>
    <Xml Include="..\Output\save_game.xml">
      <Filter>h.files\xml.files</Filter>
    </Xml>
  </ItemGroup>
  <ItemGroup>
    <Filter Include="h.files">
      <UniqueIdentifier>{84e60899-fece-464f-9ec4-e9c2711bba27}</UniqueIdentifier>
    </Filter>
    <Filter Include="cpp.files">
      <UniqueIdentifier>{3d85fe0f-5dca-4a68-bd68-51ddfd039660}</UniqueIdentifier>
    </Filter>
    <Filter Include="h.files\xml.files">
      <UniqueIdentifier>{f30054ef-f5cb-4ef4-b9e1-50387754a4c4}</UniqueIdentifier>
    </Filter>
  </ItemGroup>
</Project>